
Microsoft Visual Studio Solution File, Format Version 12.00
# Visual Studio Version 17
VisualStudioVersion = 17.0.31912.275
MinimumVisualStudioVersion = 10.0.40219.1
Project("{9A19103F-16F7-4668-BE54-9A1E7A4F7556}") = "GnuOne", "GnuOne\GnuOne.csproj", "{615F0A22-75CB-47E9-9FEA-D6CF74B91A63}"
EndProject
Project("{9A19103F-16F7-4668-BE54-9A1E7A4F7556}") = "Library", "Library\Library.csproj", "{DF102743-DF77-404A-8976-4200BC4B5C9C}"
EndProject
Project("{2150E333-8FDC-42A3-9474-1A3956D46DE8}") = "INFO", "INFO", "{BBFF6D5A-A1B1-4B27-8405-EF882E2F5E7D}"
	ProjectSection(SolutionItems) = preProject
		..\..\..\Desktop\ER-Diagram.png = ..\..\..\Desktop\ER-Diagram.png
		ReadMe.txt = ReadMe.txt
	EndProjectSection
EndProject
Project("{9A19103F-16F7-4668-BE54-9A1E7A4F7556}") = "PlayAround1", "PlayAround1\PlayAround1.csproj", "{44EAB948-378D-4703-AAE6-09E89C8E8F1D}"
EndProject
Global
	GlobalSection(SolutionConfigurationPlatforms) = preSolution
		Debug|Any CPU = Debug|Any CPU
		Release|Any CPU = Release|Any CPU
	EndGlobalSection
	GlobalSection(ProjectConfigurationPlatforms) = postSolution
		{615F0A22-75CB-47E9-9FEA-D6CF74B91A63}.Debug|Any CPU.ActiveCfg = Debug|Any CPU
		{615F0A22-75CB-47E9-9FEA-D6CF74B91A63}.Debug|Any CPU.Build.0 = Debug|Any CPU
		{615F0A22-75CB-47E9-9FEA-D6CF74B91A63}.Release|Any CPU.ActiveCfg = Release|Any CPU
		{615F0A22-75CB-47E9-9FEA-D6CF74B91A63}.Release|Any CPU.Build.0 = Release|Any CPU
		{DF102743-DF77-404A-8976-4200BC4B5C9C}.Debug|Any CPU.ActiveCfg = Debug|Any CPU
		{DF102743-DF77-404A-8976-4200BC4B5C9C}.Debug|Any CPU.Build.0 = Debug|Any CPU
		{DF102743-DF77-404A-8976-4200BC4B5C9C}.Release|Any CPU.ActiveCfg = Release|Any CPU
		{DF102743-DF77-404A-8976-4200BC4B5C9C}.Release|Any CPU.Build.0 = Release|Any CPU
		{44EAB948-378D-4703-AAE6-09E89C8E8F1D}.Debug|Any CPU.ActiveCfg = Debug|Any CPU
		{44EAB948-378D-4703-AAE6-09E89C8E8F1D}.Debug|Any CPU.Build.0 = Debug|Any CPU
		{44EAB948-378D-4703-AAE6-09E89C8E8F1D}.Release|Any CPU.ActiveCfg = Release|Any CPU
		{44EAB948-378D-4703-AAE6-09E89C8E8F1D}.Release|Any CPU.Build.0 = Release|Any CPU
	EndGlobalSection
	GlobalSection(SolutionProperties) = preSolution
		HideSolutionNode = FALSE
	EndGlobalSection
	GlobalSection(ExtensibilityGlobals) = postSolution
		SolutionGuid = {59B2A460-6A5C-4A4D-BF70-E8D30032E1BF}
	EndGlobalSection
EndGlobal
