
Microsoft Visual Studio Solution File, Format Version 12.00
# Visual Studio Version 17
VisualStudioVersion = 17.0.31912.275
MinimumVisualStudioVersion = 10.0.40219.1
Project("{FAE04EC0-301F-11D3-BF4B-00C04F79EFBC}") = "GnuOne", "GnuOne\GnuOne.csproj", "{615F0A22-75CB-47E9-9FEA-D6CF74B91A63}"
EndProject
Project("{FAE04EC0-301F-11D3-BF4B-00C04F79EFBC}") = "Welcome Settings", "Welcome Settings\Welcome Settings.csproj", "{2CF3501D-546F-486E-835C-25BB94D012AD}"
EndProject
Project("{FAE04EC0-301F-11D3-BF4B-00C04F79EFBC}") = "Library", "Library\Library.csproj", "{DF102743-DF77-404A-8976-4200BC4B5C9C}"
EndProject
Global
	GlobalSection(SolutionConfigurationPlatforms) = preSolution
		Debug|Any CPU = Debug|Any CPU
		Release|Any CPU = Release|Any CPU
	EndGlobalSection
	GlobalSection(ProjectConfigurationPlatforms) = postSolution
		{615F0A22-75CB-47E9-9FEA-D6CF74B91A63}.Debug|Any CPU.ActiveCfg = Debug|Any CPU
		{615F0A22-75CB-47E9-9FEA-D6CF74B91A63}.Debug|Any CPU.Build.0 = Debug|Any CPU
		{615F0A22-75CB-47E9-9FEA-D6CF74B91A63}.Release|Any CPU.ActiveCfg = Release|Any CPU
		{615F0A22-75CB-47E9-9FEA-D6CF74B91A63}.Release|Any CPU.Build.0 = Release|Any CPU
		{2CF3501D-546F-486E-835C-25BB94D012AD}.Debug|Any CPU.ActiveCfg = Debug|Any CPU
		{2CF3501D-546F-486E-835C-25BB94D012AD}.Debug|Any CPU.Build.0 = Debug|Any CPU
		{2CF3501D-546F-486E-835C-25BB94D012AD}.Release|Any CPU.ActiveCfg = Release|Any CPU
		{2CF3501D-546F-486E-835C-25BB94D012AD}.Release|Any CPU.Build.0 = Release|Any CPU
		{DF102743-DF77-404A-8976-4200BC4B5C9C}.Debug|Any CPU.ActiveCfg = Debug|Any CPU
		{DF102743-DF77-404A-8976-4200BC4B5C9C}.Debug|Any CPU.Build.0 = Debug|Any CPU
		{DF102743-DF77-404A-8976-4200BC4B5C9C}.Release|Any CPU.ActiveCfg = Release|Any CPU
		{DF102743-DF77-404A-8976-4200BC4B5C9C}.Release|Any CPU.Build.0 = Release|Any CPU
	EndGlobalSection
	GlobalSection(SolutionProperties) = preSolution
		HideSolutionNode = FALSE
	EndGlobalSection
	GlobalSection(ExtensibilityGlobals) = postSolution
		SolutionGuid = {59B2A460-6A5C-4A4D-BF70-E8D30032E1BF}
	EndGlobalSection
EndGlobal
